
Microsoft Visual Studio Solution File, Format Version 12.00
# Visual Studio Version 17
VisualStudioVersion = 17.7.34031.279
MinimumVisualStudioVersion = 10.0.40219.1
Project("{FAE04EC0-301F-11D3-BF4B-00C04F79EFBC}") = "API", "API\API.csproj", "{A757FDA1-DF4B-451C-8C66-52F202576799}"
EndProject
Project("{FAE04EC0-301F-11D3-BF4B-00C04F79EFBC}") = "Application", "Application\Application.csproj", "{D6D23B5D-C873-4554-96A8-FF3AE96744FF}"
EndProject
Project("{FAE04EC0-301F-11D3-BF4B-00C04F79EFBC}") = "Domain", "Domain\Domain.csproj", "{C42A065B-4761-46DE-8E15-175C2A1A591F}"
EndProject
Project("{FAE04EC0-301F-11D3-BF4B-00C04F79EFBC}") = "Persistence", "Persistence\Persistence.csproj", "{C229D3F7-80B9-4483-9D8A-B4878664E2CD}"
EndProject
Global
	GlobalSection(SolutionConfigurationPlatforms) = preSolution
		Debug|Any CPU = Debug|Any CPU
		Release|Any CPU = Release|Any CPU
	EndGlobalSection
	GlobalSection(ProjectConfigurationPlatforms) = postSolution
		{A757FDA1-DF4B-451C-8C66-52F202576799}.Debug|Any CPU.ActiveCfg = Debug|Any CPU
		{A757FDA1-DF4B-451C-8C66-52F202576799}.Debug|Any CPU.Build.0 = Debug|Any CPU
		{A757FDA1-DF4B-451C-8C66-52F202576799}.Release|Any CPU.ActiveCfg = Release|Any CPU
		{A757FDA1-DF4B-451C-8C66-52F202576799}.Release|Any CPU.Build.0 = Release|Any CPU
		{D6D23B5D-C873-4554-96A8-FF3AE96744FF}.Debug|Any CPU.ActiveCfg = Debug|Any CPU
		{D6D23B5D-C873-4554-96A8-FF3AE96744FF}.Debug|Any CPU.Build.0 = Debug|Any CPU
		{D6D23B5D-C873-4554-96A8-FF3AE96744FF}.Release|Any CPU.ActiveCfg = Release|Any CPU
		{D6D23B5D-C873-4554-96A8-FF3AE96744FF}.Release|Any CPU.Build.0 = Release|Any CPU
		{C42A065B-4761-46DE-8E15-175C2A1A591F}.Debug|Any CPU.ActiveCfg = Debug|Any CPU
		{C42A065B-4761-46DE-8E15-175C2A1A591F}.Debug|Any CPU.Build.0 = Debug|Any CPU
		{C42A065B-4761-46DE-8E15-175C2A1A591F}.Release|Any CPU.ActiveCfg = Release|Any CPU
		{C42A065B-4761-46DE-8E15-175C2A1A591F}.Release|Any CPU.Build.0 = Release|Any CPU
		{C229D3F7-80B9-4483-9D8A-B4878664E2CD}.Debug|Any CPU.ActiveCfg = Debug|Any CPU
		{C229D3F7-80B9-4483-9D8A-B4878664E2CD}.Debug|Any CPU.Build.0 = Debug|Any CPU
		{C229D3F7-80B9-4483-9D8A-B4878664E2CD}.Release|Any CPU.ActiveCfg = Release|Any CPU
		{C229D3F7-80B9-4483-9D8A-B4878664E2CD}.Release|Any CPU.Build.0 = Release|Any CPU
	EndGlobalSection
	GlobalSection(SolutionProperties) = preSolution
		HideSolutionNode = FALSE
	EndGlobalSection
	GlobalSection(ExtensibilityGlobals) = postSolution
		SolutionGuid = {1EEC5D90-F42E-45F4-938A-D0108F130F8B}
	EndGlobalSection
EndGlobal
